
Microsoft Visual Studio Solution File, Format Version 12.00
# Visual Studio Version 16
VisualStudioVersion = 16.0.29215.179
MinimumVisualStudioVersion = 10.0.40219.1
Project("{FAE04EC0-301F-11D3-BF4B-00C04F79EFBC}") = "ResumeCreator", "ResumeCreator\ResumeCreator.csproj", "{77FF7D5E-7398-424D-8030-EC18EBEAD75F}"
EndProject
Global
	GlobalSection(SolutionConfigurationPlatforms) = preSolution
		Debug|Any CPU = Debug|Any CPU
		Release|Any CPU = Release|Any CPU
	EndGlobalSection
	GlobalSection(ProjectConfigurationPlatforms) = postSolution
		{77FF7D5E-7398-424D-8030-EC18EBEAD75F}.Debug|Any CPU.ActiveCfg = Debug|Any CPU
		{77FF7D5E-7398-424D-8030-EC18EBEAD75F}.Debug|Any CPU.Build.0 = Debug|Any CPU
		{77FF7D5E-7398-424D-8030-EC18EBEAD75F}.Release|Any CPU.ActiveCfg = Release|Any CPU
		{77FF7D5E-7398-424D-8030-EC18EBEAD75F}.Release|Any CPU.Build.0 = Release|Any CPU
	EndGlobalSection
	GlobalSection(SolutionProperties) = preSolution
		HideSolutionNode = FALSE
	EndGlobalSection
	GlobalSection(ExtensibilityGlobals) = postSolution
		SolutionGuid = {875CAA79-23C1-4FF1-BEFC-D5D30A234432}
	EndGlobalSection
EndGlobal
